
Microsoft Visual Studio Solution File, Format Version 12.00
# Visual Studio Version 17
VisualStudioVersion = 17.10.35013.160
MinimumVisualStudioVersion = 10.0.40219.1
Project("{FAE04EC0-301F-11D3-BF4B-00C04F79EFBC}") = "TaskScheduler", "TaskScheduler\TaskScheduler.csproj", "{18306181-F138-4DB7-8D38-18A0006AE4ED}"
EndProject
Global
	GlobalSection(SolutionConfigurationPlatforms) = preSolution
		Debug|Any CPU = Debug|Any CPU
		Release|Any CPU = Release|Any CPU
	EndGlobalSection
	GlobalSection(ProjectConfigurationPlatforms) = postSolution
		{18306181-F138-4DB7-8D38-18A0006AE4ED}.Debug|Any CPU.ActiveCfg = Debug|Any CPU
		{18306181-F138-4DB7-8D38-18A0006AE4ED}.Debug|Any CPU.Build.0 = Debug|Any CPU
		{18306181-F138-4DB7-8D38-18A0006AE4ED}.Release|Any CPU.ActiveCfg = Release|Any CPU
		{18306181-F138-4DB7-8D38-18A0006AE4ED}.Release|Any CPU.Build.0 = Release|Any CPU
	EndGlobalSection
	GlobalSection(SolutionProperties) = preSolution
		HideSolutionNode = FALSE
	EndGlobalSection
	GlobalSection(ExtensibilityGlobals) = postSolution
		SolutionGuid = {743F79C1-CEB4-4A69-8C81-BD5A1DA5720C}
	EndGlobalSection
EndGlobal
